
Microsoft Visual Studio Solution File, Format Version 9.00
# Visual Studio 2005
Project("{8BC9CEB8-8B4A-11D0-8D11-00A0C91BC942}") = "vgui_dll", "vgui_dll.vcproj", "{69052D86-E236-4472-8C2D-115FFE3AB0F9}"
EndProject
Global
	GlobalSection(SolutionConfigurationPlatforms) = preSolution
		Debug|Win32 = Debug|Win32
		Release|Win32 = Release|Win32
	EndGlobalSection
	GlobalSection(ProjectConfigurationPlatforms) = postSolution
		{69052D86-E236-4472-8C2D-115FFE3AB0F9}.Debug|Win32.ActiveCfg = Debug|Win32
		{69052D86-E236-4472-8C2D-115FFE3AB0F9}.Debug|Win32.Build.0 = Debug|Win32
		{69052D86-E236-4472-8C2D-115FFE3AB0F9}.Release|Win32.ActiveCfg = Release|Win32
		{69052D86-E236-4472-8C2D-115FFE3AB0F9}.Release|Win32.Build.0 = Release|Win32
	EndGlobalSection
	GlobalSection(SolutionProperties) = preSolution
		HideSolutionNode = FALSE
	EndGlobalSection
EndGlobal
