// !$*UTF8*$!
{
	archiveVersion = 1;
	classes = {
	};
	objectVersion = 42;
	objects = {

/* Begin PBXBuildFile section */
		162839611EDB06E7003337B0 /* App.cpp in Sources */ = {isa = PBXBuildFile; fileRef = 162839231EDB06E7003337B0 /* App.cpp */; };
		162839621EDB06E7003337B0 /* Bitmap.cpp in Sources */ = {isa = PBXBuildFile; fileRef = 162839241EDB06E7003337B0 /* Bitmap.cpp */; };
		162839631EDB06E7003337B0 /* BitmapTGA.cpp in Sources */ = {isa = PBXBuildFile; fileRef = 162839251EDB06E7003337B0 /* BitmapTGA.cpp */; };
		162839641EDB06E7003337B0 /* Border.cpp in Sources */ = {isa = PBXBuildFile; fileRef = 162839261EDB06E7003337B0 /* Border.cpp */; };
		162839651EDB06E7003337B0 /* BorderLayout.cpp in Sources */ = {isa = PBXBuildFile; fileRef = 162839271EDB06E7003337B0 /* BorderLayout.cpp */; };
		162839661EDB06E7003337B0 /* BorderPair.cpp in Sources */ = {isa = PBXBuildFile; fileRef = 162839281EDB06E7003337B0 /* BorderPair.cpp */; };
		162839671EDB06E7003337B0 /* BuildGroup.cpp in Sources */ = {isa = PBXBuildFile; fileRef = 162839291EDB06E7003337B0 /* BuildGroup.cpp */; };
		162839681EDB06E7003337B0 /* Button.cpp in Sources */ = {isa = PBXBuildFile; fileRef = 1628392A1EDB06E7003337B0 /* Button.cpp */; };
		162839691EDB06E7003337B0 /* ButtonGroup.cpp in Sources */ = {isa = PBXBuildFile; fileRef = 1628392B1EDB06E7003337B0 /* ButtonGroup.cpp */; };
		1628396A1EDB06E7003337B0 /* CheckButton.cpp in Sources */ = {isa = PBXBuildFile; fileRef = 1628392C1EDB06E7003337B0 /* CheckButton.cpp */; };
		1628396B1EDB06E7003337B0 /* Color.cpp in Sources */ = {isa = PBXBuildFile; fileRef = 1628392D1EDB06E7003337B0 /* Color.cpp */; };
		1628396C1EDB06E7003337B0 /* ConfigWizard.cpp in Sources */ = {isa = PBXBuildFile; fileRef = 1628392E1EDB06E7003337B0 /* ConfigWizard.cpp */; };
		1628396D1EDB06E7003337B0 /* Cursor.cpp in Sources */ = {isa = PBXBuildFile; fileRef = 1628392F1EDB06E7003337B0 /* Cursor.cpp */; };
		1628396E1EDB06E7003337B0 /* DataInputStream.cpp in Sources */ = {isa = PBXBuildFile; fileRef = 162839301EDB06E7003337B0 /* DataInputStream.cpp */; };
		1628396F1EDB06E7003337B0 /* Desktop.cpp in Sources */ = {isa = PBXBuildFile; fileRef = 162839311EDB06E7003337B0 /* Desktop.cpp */; };
		162839701EDB06E7003337B0 /* DesktopIcon.cpp in Sources */ = {isa = PBXBuildFile; fileRef = 162839321EDB06E7003337B0 /* DesktopIcon.cpp */; };
		162839711EDB06E7003337B0 /* EditPanel.cpp in Sources */ = {isa = PBXBuildFile; fileRef = 162839331EDB06E7003337B0 /* EditPanel.cpp */; };
		162839721EDB06E7003337B0 /* EtchedBorder.cpp in Sources */ = {isa = PBXBuildFile; fileRef = 162839341EDB06E7003337B0 /* EtchedBorder.cpp */; };
		162839731EDB06E7003337B0 /* FileInputStream.cpp in Sources */ = {isa = PBXBuildFile; fileRef = 162839351EDB06E7003337B0 /* FileInputStream.cpp */; };
		162839741EDB06E7003337B0 /* FlowLayout.cpp in Sources */ = {isa = PBXBuildFile; fileRef = 162839361EDB06E7003337B0 /* FlowLayout.cpp */; };
		162839751EDB06E7003337B0 /* FocusNavGroup.cpp in Sources */ = {isa = PBXBuildFile; fileRef = 162839371EDB06E7003337B0 /* FocusNavGroup.cpp */; };
		162839761EDB06E7003337B0 /* Font.cpp in Sources */ = {isa = PBXBuildFile; fileRef = 162839381EDB06E7003337B0 /* Font.cpp */; };
		162839771EDB06E7003337B0 /* Frame.cpp in Sources */ = {isa = PBXBuildFile; fileRef = 162839391EDB06E7003337B0 /* Frame.cpp */; };
		162839781EDB06E7003337B0 /* GridLayout.cpp in Sources */ = {isa = PBXBuildFile; fileRef = 1628393A1EDB06E7003337B0 /* GridLayout.cpp */; };
		162839791EDB06E7003337B0 /* HeaderPanel.cpp in Sources */ = {isa = PBXBuildFile; fileRef = 1628393B1EDB06E7003337B0 /* HeaderPanel.cpp */; };
		1628397A1EDB06E7003337B0 /* Image.cpp in Sources */ = {isa = PBXBuildFile; fileRef = 1628393C1EDB06E7003337B0 /* Image.cpp */; };
		1628397B1EDB06E7003337B0 /* ImagePanel.cpp in Sources */ = {isa = PBXBuildFile; fileRef = 1628393D1EDB06E7003337B0 /* ImagePanel.cpp */; };
		1628397C1EDB06E7003337B0 /* IntLabel.cpp in Sources */ = {isa = PBXBuildFile; fileRef = 1628393E1EDB06E7003337B0 /* IntLabel.cpp */; };
		1628397D1EDB06E7003337B0 /* Label.cpp in Sources */ = {isa = PBXBuildFile; fileRef = 1628393F1EDB06E7003337B0 /* Label.cpp */; };
		1628397E1EDB06E7003337B0 /* Layout.cpp in Sources */ = {isa = PBXBuildFile; fileRef = 162839401EDB06E7003337B0 /* Layout.cpp */; };
		1628397F1EDB06E7003337B0 /* LineBorder.cpp in Sources */ = {isa = PBXBuildFile; fileRef = 162839411EDB06E7003337B0 /* LineBorder.cpp */; };
		162839801EDB06E7003337B0 /* ListPanel.cpp in Sources */ = {isa = PBXBuildFile; fileRef = 162839421EDB06E7003337B0 /* ListPanel.cpp */; };
		162839811EDB06E7003337B0 /* LoweredBorder.cpp in Sources */ = {isa = PBXBuildFile; fileRef = 162839431EDB06E7003337B0 /* LoweredBorder.cpp */; };
		162839821EDB06E7003337B0 /* Menu.cpp in Sources */ = {isa = PBXBuildFile; fileRef = 162839441EDB06E7003337B0 /* Menu.cpp */; };
		162839831EDB06E7003337B0 /* MenuItem.cpp in Sources */ = {isa = PBXBuildFile; fileRef = 162839451EDB06E7003337B0 /* MenuItem.cpp */; };
		162839841EDB06E7003337B0 /* MenuSeparator.cpp in Sources */ = {isa = PBXBuildFile; fileRef = 162839461EDB06E7003337B0 /* MenuSeparator.cpp */; };
		162839851EDB06E7003337B0 /* MessageBox.cpp in Sources */ = {isa = PBXBuildFile; fileRef = 162839471EDB06E7003337B0 /* MessageBox.cpp */; };
		162839861EDB06E7003337B0 /* MiniApp.cpp in Sources */ = {isa = PBXBuildFile; fileRef = 162839481EDB06E7003337B0 /* MiniApp.cpp */; };
		162839871EDB06E7003337B0 /* Panel.cpp in Sources */ = {isa = PBXBuildFile; fileRef = 162839491EDB06E7003337B0 /* Panel.cpp */; };
		162839881EDB06E7003337B0 /* PopupMenu.cpp in Sources */ = {isa = PBXBuildFile; fileRef = 1628394A1EDB06E7003337B0 /* PopupMenu.cpp */; };
		162839891EDB06E7003337B0 /* ProgressBar.cpp in Sources */ = {isa = PBXBuildFile; fileRef = 1628394B1EDB06E7003337B0 /* ProgressBar.cpp */; };
		1628398A1EDB06E7003337B0 /* RadioButton.cpp in Sources */ = {isa = PBXBuildFile; fileRef = 1628394C1EDB06E7003337B0 /* RadioButton.cpp */; };
		1628398B1EDB06E7003337B0 /* RaisedBorder.cpp in Sources */ = {isa = PBXBuildFile; fileRef = 1628394D1EDB06E7003337B0 /* RaisedBorder.cpp */; };
		1628398C1EDB06E7003337B0 /* Scheme.cpp in Sources */ = {isa = PBXBuildFile; fileRef = 1628394E1EDB06E7003337B0 /* Scheme.cpp */; };
		1628398D1EDB06E7003337B0 /* ScrollBar.cpp in Sources */ = {isa = PBXBuildFile; fileRef = 1628394F1EDB06E7003337B0 /* ScrollBar.cpp */; };
		1628398E1EDB06E7003337B0 /* ScrollPanel.cpp in Sources */ = {isa = PBXBuildFile; fileRef = 162839501EDB06E7003337B0 /* ScrollPanel.cpp */; };
		1628398F1EDB06E7003337B0 /* Slider.cpp in Sources */ = {isa = PBXBuildFile; fileRef = 162839511EDB06E7003337B0 /* Slider.cpp */; };
		162839901EDB06E7003337B0 /* StackLayout.cpp in Sources */ = {isa = PBXBuildFile; fileRef = 162839521EDB06E7003337B0 /* StackLayout.cpp */; };
		162839911EDB06E7003337B0 /* String.cpp in Sources */ = {isa = PBXBuildFile; fileRef = 162839531EDB06E7003337B0 /* String.cpp */; };
		162839921EDB06E7003337B0 /* Surface.cpp in Sources */ = {isa = PBXBuildFile; fileRef = 162839541EDB06E7003337B0 /* Surface.cpp */; };
		162839931EDB06E7003337B0 /* SurfaceBase.cpp in Sources */ = {isa = PBXBuildFile; fileRef = 162839551EDB06E7003337B0 /* SurfaceBase.cpp */; };
		162839941EDB06E7003337B0 /* TablePanel.cpp in Sources */ = {isa = PBXBuildFile; fileRef = 162839561EDB06E7003337B0 /* TablePanel.cpp */; };
		162839951EDB06E7003337B0 /* TabPanel.cpp in Sources */ = {isa = PBXBuildFile; fileRef = 162839571EDB06E7003337B0 /* TabPanel.cpp */; };
		162839961EDB06E7003337B0 /* TaskBar.cpp in Sources */ = {isa = PBXBuildFile; fileRef = 162839581EDB06E7003337B0 /* TaskBar.cpp */; };
		162839971EDB06E7003337B0 /* TextEntry.cpp in Sources */ = {isa = PBXBuildFile; fileRef = 162839591EDB06E7003337B0 /* TextEntry.cpp */; };
		162839981EDB06E7003337B0 /* TextGrid.cpp in Sources */ = {isa = PBXBuildFile; fileRef = 1628395A1EDB06E7003337B0 /* TextGrid.cpp */; };
		162839991EDB06E7003337B0 /* TextImage.cpp in Sources */ = {isa = PBXBuildFile; fileRef = 1628395B1EDB06E7003337B0 /* TextImage.cpp */; };
		1628399A1EDB06E7003337B0 /* TextPanel.cpp in Sources */ = {isa = PBXBuildFile; fileRef = 1628395C1EDB06E7003337B0 /* TextPanel.cpp */; };
		1628399B1EDB06E7003337B0 /* ToggleButton.cpp in Sources */ = {isa = PBXBuildFile; fileRef = 1628395D1EDB06E7003337B0 /* ToggleButton.cpp */; };
		1628399C1EDB06E7003337B0 /* TreeFolder.cpp in Sources */ = {isa = PBXBuildFile; fileRef = 1628395E1EDB06E7003337B0 /* TreeFolder.cpp */; };
		1628399D1EDB06E7003337B0 /* vgui.cpp in Sources */ = {isa = PBXBuildFile; fileRef = 1628395F1EDB06E7003337B0 /* vgui.cpp */; };
		1628399E1EDB06E7003337B0 /* WizardPanel.cpp in Sources */ = {isa = PBXBuildFile; fileRef = 162839601EDB06E7003337B0 /* WizardPanel.cpp */; };
		162839AB1EDB072B003337B0 /* App.cpp in Sources */ = {isa = PBXBuildFile; fileRef = 162839A11EDB072B003337B0 /* App.cpp */; };
		162839AC1EDB072B003337B0 /* Cursor.cpp in Sources */ = {isa = PBXBuildFile; fileRef = 162839A21EDB072B003337B0 /* Cursor.cpp */; };
		162839AD1EDB072B003337B0 /* fileimage.cpp in Sources */ = {isa = PBXBuildFile; fileRef = 162839A31EDB072B003337B0 /* fileimage.cpp */; };
		162839AE1EDB072B003337B0 /* fileimage.h in Headers */ = {isa = PBXBuildFile; fileRef = 162839A41EDB072B003337B0 /* fileimage.h */; };
		162839AF1EDB072B003337B0 /* Font.cpp in Sources */ = {isa = PBXBuildFile; fileRef = 162839A51EDB072B003337B0 /* Font.cpp */; };
		162839B01EDB072B003337B0 /* Surface.cpp in Sources */ = {isa = PBXBuildFile; fileRef = 162839A61EDB072B003337B0 /* Surface.cpp */; };
		162839B11EDB072B003337B0 /* vfontdata.cpp in Sources */ = {isa = PBXBuildFile; fileRef = 162839A71EDB072B003337B0 /* vfontdata.cpp */; };
		162839B21EDB072B003337B0 /* vfontdata.h in Headers */ = {isa = PBXBuildFile; fileRef = 162839A81EDB072B003337B0 /* vfontdata.h */; };
		162839B31EDB072B003337B0 /* vgui_osx.h in Headers */ = {isa = PBXBuildFile; fileRef = 162839A91EDB072B003337B0 /* vgui_osx.h */; };
		162839B41EDB072B003337B0 /* vgui.cpp in Sources */ = {isa = PBXBuildFile; fileRef = 162839AA1EDB072B003337B0 /* vgui.cpp */; };
		168937A61EDC354800D7D2A4 /* AppKit.framework in Frameworks */ = {isa = PBXBuildFile; fileRef = 168937A51EDC354800D7D2A4 /* AppKit.framework */; };
		168937AA1EDC354D00D7D2A4 /* Carbon.framework in Frameworks */ = {isa = PBXBuildFile; fileRef = 168937A91EDC354D00D7D2A4 /* Carbon.framework */; };
		168937AC1EDC355100D7D2A4 /* CoreData.framework in Frameworks */ = {isa = PBXBuildFile; fileRef = 168937AB1EDC355100D7D2A4 /* CoreData.framework */; };
		168937AE1EDC355600D7D2A4 /* CoreFoundation.framework in Frameworks */ = {isa = PBXBuildFile; fileRef = 168937AD1EDC355600D7D2A4 /* CoreFoundation.framework */; };
		168937B01EDC355B00D7D2A4 /* CoreServices.framework in Frameworks */ = {isa = PBXBuildFile; fileRef = 168937AF1EDC355B00D7D2A4 /* CoreServices.framework */; };
		168937B21EDC356200D7D2A4 /* Foundation.framework in Frameworks */ = {isa = PBXBuildFile; fileRef = 168937B11EDC356200D7D2A4 /* Foundation.framework */; };
/* End PBXBuildFile section */

/* Begin PBXFileReference section */
		162839231EDB06E7003337B0 /* App.cpp */ = {isa = PBXFileReference; fileEncoding = 4; lastKnownFileType = sourcecode.cpp.cpp; name = App.cpp; path = "../../../lib-src/vgui/App.cpp"; sourceTree = SOURCE_ROOT; };
		162839241EDB06E7003337B0 /* Bitmap.cpp */ = {isa = PBXFileReference; fileEncoding = 4; lastKnownFileType = sourcecode.cpp.cpp; name = Bitmap.cpp; path = "../../../lib-src/vgui/Bitmap.cpp"; sourceTree = SOURCE_ROOT; };
		162839251EDB06E7003337B0 /* BitmapTGA.cpp */ = {isa = PBXFileReference; fileEncoding = 4; lastKnownFileType = sourcecode.cpp.cpp; name = BitmapTGA.cpp; path = "../../../lib-src/vgui/BitmapTGA.cpp"; sourceTree = SOURCE_ROOT; };
		162839261EDB06E7003337B0 /* Border.cpp */ = {isa = PBXFileReference; fileEncoding = 4; lastKnownFileType = sourcecode.cpp.cpp; name = Border.cpp; path = "../../../lib-src/vgui/Border.cpp"; sourceTree = SOURCE_ROOT; };
		162839271EDB06E7003337B0 /* BorderLayout.cpp */ = {isa = PBXFileReference; fileEncoding = 4; lastKnownFileType = sourcecode.cpp.cpp; name = BorderLayout.cpp; path = "../../../lib-src/vgui/BorderLayout.cpp"; sourceTree = SOURCE_ROOT; };
		162839281EDB06E7003337B0 /* BorderPair.cpp */ = {isa = PBXFileReference; fileEncoding = 4; lastKnownFileType = sourcecode.cpp.cpp; name = BorderPair.cpp; path = "../../../lib-src/vgui/BorderPair.cpp"; sourceTree = SOURCE_ROOT; };
		162839291EDB06E7003337B0 /* BuildGroup.cpp */ = {isa = PBXFileReference; fileEncoding = 4; lastKnownFileType = sourcecode.cpp.cpp; name = BuildGroup.cpp; path = "../../../lib-src/vgui/BuildGroup.cpp"; sourceTree = SOURCE_ROOT; };
		1628392A1EDB06E7003337B0 /* Button.cpp */ = {isa = PBXFileReference; fileEncoding = 4; lastKnownFileType = sourcecode.cpp.cpp; name = Button.cpp; path = "../../../lib-src/vgui/Button.cpp"; sourceTree = SOURCE_ROOT; };
		1628392B1EDB06E7003337B0 /* ButtonGroup.cpp */ = {isa = PBXFileReference; fileEncoding = 4; lastKnownFileType = sourcecode.cpp.cpp; name = ButtonGroup.cpp; path = "../../../lib-src/vgui/ButtonGroup.cpp"; sourceTree = SOURCE_ROOT; };
		1628392C1EDB06E7003337B0 /* CheckButton.cpp */ = {isa = PBXFileReference; fileEncoding = 4; lastKnownFileType = sourcecode.cpp.cpp; name = CheckButton.cpp; path = "../../../lib-src/vgui/CheckButton.cpp"; sourceTree = SOURCE_ROOT; };
		1628392D1EDB06E7003337B0 /* Color.cpp */ = {isa = PBXFileReference; fileEncoding = 4; lastKnownFileType = sourcecode.cpp.cpp; name = Color.cpp; path = "../../../lib-src/vgui/Color.cpp"; sourceTree = SOURCE_ROOT; };
		1628392E1EDB06E7003337B0 /* ConfigWizard.cpp */ = {isa = PBXFileReference; fileEncoding = 4; lastKnownFileType = sourcecode.cpp.cpp; name = ConfigWizard.cpp; path = "../../../lib-src/vgui/ConfigWizard.cpp"; sourceTree = SOURCE_ROOT; };
		1628392F1EDB06E7003337B0 /* Cursor.cpp */ = {isa = PBXFileReference; fileEncoding = 4; lastKnownFileType = sourcecode.cpp.cpp; name = Cursor.cpp; path = "../../../lib-src/vgui/Cursor.cpp"; sourceTree = SOURCE_ROOT; };
		162839301EDB06E7003337B0 /* DataInputStream.cpp */ = {isa = PBXFileReference; fileEncoding = 4; lastKnownFileType = sourcecode.cpp.cpp; name = DataInputStream.cpp; path = "../../../lib-src/vgui/DataInputStream.cpp"; sourceTree = SOURCE_ROOT; };
		162839311EDB06E7003337B0 /* Desktop.cpp */ = {isa = PBXFileReference; fileEncoding = 4; lastKnownFileType = sourcecode.cpp.cpp; name = Desktop.cpp; path = "../../../lib-src/vgui/Desktop.cpp"; sourceTree = SOURCE_ROOT; };
		162839321EDB06E7003337B0 /* DesktopIcon.cpp */ = {isa = PBXFileReference; fileEncoding = 4; lastKnownFileType = sourcecode.cpp.cpp; name = DesktopIcon.cpp; path = "../../../lib-src/vgui/DesktopIcon.cpp"; sourceTree = SOURCE_ROOT; };
		162839331EDB06E7003337B0 /* EditPanel.cpp */ = {isa = PBXFileReference; fileEncoding = 4; lastKnownFileType = sourcecode.cpp.cpp; name = EditPanel.cpp; path = "../../../lib-src/vgui/EditPanel.cpp"; sourceTree = SOURCE_ROOT; };
		162839341EDB06E7003337B0 /* EtchedBorder.cpp */ = {isa = PBXFileReference; fileEncoding = 4; lastKnownFileType = sourcecode.cpp.cpp; name = EtchedBorder.cpp; path = "../../../lib-src/vgui/EtchedBorder.cpp"; sourceTree = SOURCE_ROOT; };
		162839351EDB06E7003337B0 /* FileInputStream.cpp */ = {isa = PBXFileReference; fileEncoding = 4; lastKnownFileType = sourcecode.cpp.cpp; name = FileInputStream.cpp; path = "../../../lib-src/vgui/FileInputStream.cpp"; sourceTree = SOURCE_ROOT; };
		162839361EDB06E7003337B0 /* FlowLayout.cpp */ = {isa = PBXFileReference; fileEncoding = 4; lastKnownFileType = sourcecode.cpp.cpp; name = FlowLayout.cpp; path = "../../../lib-src/vgui/FlowLayout.cpp"; sourceTree = SOURCE_ROOT; };
		162839371EDB06E7003337B0 /* FocusNavGroup.cpp */ = {isa = PBXFileReference; fileEncoding = 4; lastKnownFileType = sourcecode.cpp.cpp; name = FocusNavGroup.cpp; path = "../../../lib-src/vgui/FocusNavGroup.cpp"; sourceTree = SOURCE_ROOT; };
		162839381EDB06E7003337B0 /* Font.cpp */ = {isa = PBXFileReference; fileEncoding = 4; lastKnownFileType = sourcecode.cpp.cpp; name = Font.cpp; path = "../../../lib-src/vgui/Font.cpp"; sourceTree = SOURCE_ROOT; };
		162839391EDB06E7003337B0 /* Frame.cpp */ = {isa = PBXFileReference; fileEncoding = 4; lastKnownFileType = sourcecode.cpp.cpp; name = Frame.cpp; path = "../../../lib-src/vgui/Frame.cpp"; sourceTree = SOURCE_ROOT; };
		1628393A1EDB06E7003337B0 /* GridLayout.cpp */ = {isa = PBXFileReference; fileEncoding = 4; lastKnownFileType = sourcecode.cpp.cpp; name = GridLayout.cpp; path = "../../../lib-src/vgui/GridLayout.cpp"; sourceTree = SOURCE_ROOT; };
		1628393B1EDB06E7003337B0 /* HeaderPanel.cpp */ = {isa = PBXFileReference; fileEncoding = 4; lastKnownFileType = sourcecode.cpp.cpp; name = HeaderPanel.cpp; path = "../../../lib-src/vgui/HeaderPanel.cpp"; sourceTree = SOURCE_ROOT; };
		1628393C1EDB06E7003337B0 /* Image.cpp */ = {isa = PBXFileReference; fileEncoding = 4; lastKnownFileType = sourcecode.cpp.cpp; name = Image.cpp; path = "../../../lib-src/vgui/Image.cpp"; sourceTree = SOURCE_ROOT; };
		1628393D1EDB06E7003337B0 /* ImagePanel.cpp */ = {isa = PBXFileReference; fileEncoding = 4; lastKnownFileType = sourcecode.cpp.cpp; name = ImagePanel.cpp; path = "../../../lib-src/vgui/ImagePanel.cpp"; sourceTree = SOURCE_ROOT; };
		1628393E1EDB06E7003337B0 /* IntLabel.cpp */ = {isa = PBXFileReference; fileEncoding = 4; lastKnownFileType = sourcecode.cpp.cpp; name = IntLabel.cpp; path = "../../../lib-src/vgui/IntLabel.cpp"; sourceTree = SOURCE_ROOT; };
		1628393F1EDB06E7003337B0 /* Label.cpp */ = {isa = PBXFileReference; fileEncoding = 4; lastKnownFileType = sourcecode.cpp.cpp; name = Label.cpp; path = "../../../lib-src/vgui/Label.cpp"; sourceTree = SOURCE_ROOT; };
		162839401EDB06E7003337B0 /* Layout.cpp */ = {isa = PBXFileReference; fileEncoding = 4; lastKnownFileType = sourcecode.cpp.cpp; name = Layout.cpp; path = "../../../lib-src/vgui/Layout.cpp"; sourceTree = SOURCE_ROOT; };
		162839411EDB06E7003337B0 /* LineBorder.cpp */ = {isa = PBXFileReference; fileEncoding = 4; lastKnownFileType = sourcecode.cpp.cpp; name = LineBorder.cpp; path = "../../../lib-src/vgui/LineBorder.cpp"; sourceTree = SOURCE_ROOT; };
		162839421EDB06E7003337B0 /* ListPanel.cpp */ = {isa = PBXFileReference; fileEncoding = 4; lastKnownFileType = sourcecode.cpp.cpp; name = ListPanel.cpp; path = "../../../lib-src/vgui/ListPanel.cpp"; sourceTree = SOURCE_ROOT; };
		162839431EDB06E7003337B0 /* LoweredBorder.cpp */ = {isa = PBXFileReference; fileEncoding = 4; lastKnownFileType = sourcecode.cpp.cpp; name = LoweredBorder.cpp; path = "../../../lib-src/vgui/LoweredBorder.cpp"; sourceTree = SOURCE_ROOT; };
		162839441EDB06E7003337B0 /* Menu.cpp */ = {isa = PBXFileReference; fileEncoding = 4; lastKnownFileType = sourcecode.cpp.cpp; name = Menu.cpp; path = "../../../lib-src/vgui/Menu.cpp"; sourceTree = SOURCE_ROOT; };
		162839451EDB06E7003337B0 /* MenuItem.cpp */ = {isa = PBXFileReference; fileEncoding = 4; lastKnownFileType = sourcecode.cpp.cpp; name = MenuItem.cpp; path = "../../../lib-src/vgui/MenuItem.cpp"; sourceTree = SOURCE_ROOT; };
		162839461EDB06E7003337B0 /* MenuSeparator.cpp */ = {isa = PBXFileReference; fileEncoding = 4; lastKnownFileType = sourcecode.cpp.cpp; name = MenuSeparator.cpp; path = "../../../lib-src/vgui/MenuSeparator.cpp"; sourceTree = SOURCE_ROOT; };
		162839471EDB06E7003337B0 /* MessageBox.cpp */ = {isa = PBXFileReference; fileEncoding = 4; lastKnownFileType = sourcecode.cpp.cpp; name = MessageBox.cpp; path = "../../../lib-src/vgui/MessageBox.cpp"; sourceTree = SOURCE_ROOT; };
		162839481EDB06E7003337B0 /* MiniApp.cpp */ = {isa = PBXFileReference; fileEncoding = 4; lastKnownFileType = sourcecode.cpp.cpp; name = MiniApp.cpp; path = "../../../lib-src/vgui/MiniApp.cpp"; sourceTree = SOURCE_ROOT; };
		162839491EDB06E7003337B0 /* Panel.cpp */ = {isa = PBXFileReference; fileEncoding = 4; lastKnownFileType = sourcecode.cpp.cpp; name = Panel.cpp; path = "../../../lib-src/vgui/Panel.cpp"; sourceTree = SOURCE_ROOT; };
		1628394A1EDB06E7003337B0 /* PopupMenu.cpp */ = {isa = PBXFileReference; fileEncoding = 4; lastKnownFileType = sourcecode.cpp.cpp; name = PopupMenu.cpp; path = "../../../lib-src/vgui/PopupMenu.cpp"; sourceTree = SOURCE_ROOT; };
		1628394B1EDB06E7003337B0 /* ProgressBar.cpp */ = {isa = PBXFileReference; fileEncoding = 4; lastKnownFileType = sourcecode.cpp.cpp; name = ProgressBar.cpp; path = "../../../lib-src/vgui/ProgressBar.cpp"; sourceTree = SOURCE_ROOT; };
		1628394C1EDB06E7003337B0 /* RadioButton.cpp */ = {isa = PBXFileReference; fileEncoding = 4; lastKnownFileType = sourcecode.cpp.cpp; name = RadioButton.cpp; path = "../../../lib-src/vgui/RadioButton.cpp"; sourceTree = SOURCE_ROOT; };
		1628394D1EDB06E7003337B0 /* RaisedBorder.cpp */ = {isa = PBXFileReference; fileEncoding = 4; lastKnownFileType = sourcecode.cpp.cpp; name = RaisedBorder.cpp; path = "../../../lib-src/vgui/RaisedBorder.cpp"; sourceTree = SOURCE_ROOT; };
		1628394E1EDB06E7003337B0 /* Scheme.cpp */ = {isa = PBXFileReference; fileEncoding = 4; lastKnownFileType = sourcecode.cpp.cpp; name = Scheme.cpp; path = "../../../lib-src/vgui/Scheme.cpp"; sourceTree = SOURCE_ROOT; };
		1628394F1EDB06E7003337B0 /* ScrollBar.cpp */ = {isa = PBXFileReference; fileEncoding = 4; lastKnownFileType = sourcecode.cpp.cpp; name = ScrollBar.cpp; path = "../../../lib-src/vgui/ScrollBar.cpp"; sourceTree = SOURCE_ROOT; };
		162839501EDB06E7003337B0 /* ScrollPanel.cpp */ = {isa = PBXFileReference; fileEncoding = 4; lastKnownFileType = sourcecode.cpp.cpp; name = ScrollPanel.cpp; path = "../../../lib-src/vgui/ScrollPanel.cpp"; sourceTree = SOURCE_ROOT; };
		162839511EDB06E7003337B0 /* Slider.cpp */ = {isa = PBXFileReference; fileEncoding = 4; lastKnownFileType = sourcecode.cpp.cpp; name = Slider.cpp; path = "../../../lib-src/vgui/Slider.cpp"; sourceTree = SOURCE_ROOT; };
		162839521EDB06E7003337B0 /* StackLayout.cpp */ = {isa = PBXFileReference; fileEncoding = 4; lastKnownFileType = sourcecode.cpp.cpp; name = StackLayout.cpp; path = "../../../lib-src/vgui/StackLayout.cpp"; sourceTree = SOURCE_ROOT; };
		162839531EDB06E7003337B0 /* String.cpp */ = {isa = PBXFileReference; fileEncoding = 4; lastKnownFileType = sourcecode.cpp.cpp; name = String.cpp; path = "../../../lib-src/vgui/String.cpp"; sourceTree = SOURCE_ROOT; };
		162839541EDB06E7003337B0 /* Surface.cpp */ = {isa = PBXFileReference; fileEncoding = 4; lastKnownFileType = sourcecode.cpp.cpp; name = Surface.cpp; path = "../../../lib-src/vgui/Surface.cpp"; sourceTree = SOURCE_ROOT; };
		162839551EDB06E7003337B0 /* SurfaceBase.cpp */ = {isa = PBXFileReference; fileEncoding = 4; lastKnownFileType = sourcecode.cpp.cpp; name = SurfaceBase.cpp; path = "../../../lib-src/vgui/SurfaceBase.cpp"; sourceTree = SOURCE_ROOT; };
		162839561EDB06E7003337B0 /* TablePanel.cpp */ = {isa = PBXFileReference; fileEncoding = 4; lastKnownFileType = sourcecode.cpp.cpp; name = TablePanel.cpp; path = "../../../lib-src/vgui/TablePanel.cpp"; sourceTree = SOURCE_ROOT; };
		162839571EDB06E7003337B0 /* TabPanel.cpp */ = {isa = PBXFileReference; fileEncoding = 4; lastKnownFileType = sourcecode.cpp.cpp; name = TabPanel.cpp; path = "../../../lib-src/vgui/TabPanel.cpp"; sourceTree = SOURCE_ROOT; };
		162839581EDB06E7003337B0 /* TaskBar.cpp */ = {isa = PBXFileReference; fileEncoding = 4; lastKnownFileType = sourcecode.cpp.cpp; name = TaskBar.cpp; path = "../../../lib-src/vgui/TaskBar.cpp"; sourceTree = SOURCE_ROOT; };
		162839591EDB06E7003337B0 /* TextEntry.cpp */ = {isa = PBXFileReference; fileEncoding = 4; lastKnownFileType = sourcecode.cpp.cpp; name = TextEntry.cpp; path = "../../../lib-src/vgui/TextEntry.cpp"; sourceTree = SOURCE_ROOT; };
		1628395A1EDB06E7003337B0 /* TextGrid.cpp */ = {isa = PBXFileReference; fileEncoding = 4; lastKnownFileType = sourcecode.cpp.cpp; name = TextGrid.cpp; path = "../../../lib-src/vgui/TextGrid.cpp"; sourceTree = SOURCE_ROOT; };
		1628395B1EDB06E7003337B0 /* TextImage.cpp */ = {isa = PBXFileReference; fileEncoding = 4; lastKnownFileType = sourcecode.cpp.cpp; name = TextImage.cpp; path = "../../../lib-src/vgui/TextImage.cpp"; sourceTree = SOURCE_ROOT; };
		1628395C1EDB06E7003337B0 /* TextPanel.cpp */ = {isa = PBXFileReference; fileEncoding = 4; lastKnownFileType = sourcecode.cpp.cpp; name = TextPanel.cpp; path = "../../../lib-src/vgui/TextPanel.cpp"; sourceTree = SOURCE_ROOT; };
		1628395D1EDB06E7003337B0 /* ToggleButton.cpp */ = {isa = PBXFileReference; fileEncoding = 4; lastKnownFileType = sourcecode.cpp.cpp; name = ToggleButton.cpp; path = "../../../lib-src/vgui/ToggleButton.cpp"; sourceTree = SOURCE_ROOT; };
		1628395E1EDB06E7003337B0 /* TreeFolder.cpp */ = {isa = PBXFileReference; fileEncoding = 4; lastKnownFileType = sourcecode.cpp.cpp; name = TreeFolder.cpp; path = "../../../lib-src/vgui/TreeFolder.cpp"; sourceTree = SOURCE_ROOT; };
		1628395F1EDB06E7003337B0 /* vgui.cpp */ = {isa = PBXFileReference; fileEncoding = 4; lastKnownFileType = sourcecode.cpp.cpp; name = vgui.cpp; path = "../../../lib-src/vgui/vgui.cpp"; sourceTree = SOURCE_ROOT; };
		162839601EDB06E7003337B0 /* WizardPanel.cpp */ = {isa = PBXFileReference; fileEncoding = 4; lastKnownFileType = sourcecode.cpp.cpp; name = WizardPanel.cpp; path = "../../../lib-src/vgui/WizardPanel.cpp"; sourceTree = SOURCE_ROOT; };
		162839A11EDB072B003337B0 /* App.cpp */ = {isa = PBXFileReference; fileEncoding = 4; lastKnownFileType = sourcecode.cpp.cpp; name = App.cpp; path = "../../../lib-src/osx/App.cpp"; sourceTree = SOURCE_ROOT; };
		162839A21EDB072B003337B0 /* Cursor.cpp */ = {isa = PBXFileReference; fileEncoding = 4; lastKnownFileType = sourcecode.cpp.cpp; name = Cursor.cpp; path = "../../../lib-src/osx/Cursor.cpp"; sourceTree = SOURCE_ROOT; };
		162839A31EDB072B003337B0 /* fileimage.cpp */ = {isa = PBXFileReference; fileEncoding = 4; lastKnownFileType = sourcecode.cpp.cpp; name = fileimage.cpp; path = "../../../lib-src/osx/fileimage.cpp"; sourceTree = SOURCE_ROOT; };
		162839A41EDB072B003337B0 /* fileimage.h */ = {isa = PBXFileReference; fileEncoding = 4; lastKnownFileType = sourcecode.c.h; name = fileimage.h; path = "../../../lib-src/osx/fileimage.h"; sourceTree = SOURCE_ROOT; };
		162839A51EDB072B003337B0 /* Font.cpp */ = {isa = PBXFileReference; fileEncoding = 4; lastKnownFileType = sourcecode.cpp.cpp; name = Font.cpp; path = "../../../lib-src/osx/Font.cpp"; sourceTree = SOURCE_ROOT; };
		162839A61EDB072B003337B0 /* Surface.cpp */ = {isa = PBXFileReference; fileEncoding = 4; lastKnownFileType = sourcecode.cpp.cpp; name = Surface.cpp; path = "../../../lib-src/osx/Surface.cpp"; sourceTree = SOURCE_ROOT; };
		162839A71EDB072B003337B0 /* vfontdata.cpp */ = {isa = PBXFileReference; fileEncoding = 4; lastKnownFileType = sourcecode.cpp.cpp; name = vfontdata.cpp; path = "../../../lib-src/osx/vfontdata.cpp"; sourceTree = SOURCE_ROOT; };
		162839A81EDB072B003337B0 /* vfontdata.h */ = {isa = PBXFileReference; fileEncoding = 4; lastKnownFileType = sourcecode.c.h; name = vfontdata.h; path = "../../../lib-src/osx/vfontdata.h"; sourceTree = SOURCE_ROOT; };
		162839A91EDB072B003337B0 /* vgui_osx.h */ = {isa = PBXFileReference; fileEncoding = 4; lastKnownFileType = sourcecode.c.h; name = vgui_osx.h; path = "../../../lib-src/osx/vgui_osx.h"; sourceTree = SOURCE_ROOT; };
		162839AA1EDB072B003337B0 /* vgui.cpp */ = {isa = PBXFileReference; fileEncoding = 4; lastKnownFileType = sourcecode.cpp.cpp; name = vgui.cpp; path = "../../../lib-src/osx/vgui.cpp"; sourceTree = SOURCE_ROOT; };
		168937A51EDC354800D7D2A4 /* AppKit.framework */ = {isa = PBXFileReference; lastKnownFileType = wrapper.framework; name = AppKit.framework; path = System/Library/Frameworks/AppKit.framework; sourceTree = SDKROOT; };
		168937A91EDC354D00D7D2A4 /* Carbon.framework */ = {isa = PBXFileReference; lastKnownFileType = wrapper.framework; name = Carbon.framework; path = System/Library/Frameworks/Carbon.framework; sourceTree = SDKROOT; };
		168937AB1EDC355100D7D2A4 /* CoreData.framework */ = {isa = PBXFileReference; lastKnownFileType = wrapper.framework; name = CoreData.framework; path = System/Library/Frameworks/CoreData.framework; sourceTree = SDKROOT; };
		168937AD1EDC355600D7D2A4 /* CoreFoundation.framework */ = {isa = PBXFileReference; lastKnownFileType = wrapper.framework; name = CoreFoundation.framework; path = System/Library/Frameworks/CoreFoundation.framework; sourceTree = SDKROOT; };
		168937AF1EDC355B00D7D2A4 /* CoreServices.framework */ = {isa = PBXFileReference; lastKnownFileType = wrapper.framework; name = CoreServices.framework; path = System/Library/Frameworks/CoreServices.framework; sourceTree = SDKROOT; };
		168937B11EDC356200D7D2A4 /* Foundation.framework */ = {isa = PBXFileReference; lastKnownFileType = wrapper.framework; name = Foundation.framework; path = System/Library/Frameworks/Foundation.framework; sourceTree = SDKROOT; };
		D2AAC0C705546C1D00DB518D /* vgui.dylib */ = {isa = PBXFileReference; explicitFileType = "compiled.mach-o.dylib"; includeInIndex = 0; path = vgui.dylib; sourceTree = BUILT_PRODUCTS_DIR; };
/* End PBXFileReference section */

/* Begin PBXFrameworksBuildPhase section */
		D2AAC0C505546C1D00DB518D /* Frameworks */ = {
			isa = PBXFrameworksBuildPhase;
			buildActionMask = 2147483647;
			files = (
				168937A61EDC354800D7D2A4 /* AppKit.framework in Frameworks */,
				168937AA1EDC354D00D7D2A4 /* Carbon.framework in Frameworks */,
				168937AC1EDC355100D7D2A4 /* CoreData.framework in Frameworks */,
				168937AE1EDC355600D7D2A4 /* CoreFoundation.framework in Frameworks */,
				168937B01EDC355B00D7D2A4 /* CoreServices.framework in Frameworks */,
				168937B21EDC356200D7D2A4 /* Foundation.framework in Frameworks */,
			);
			runOnlyForDeploymentPostprocessing = 0;
		};
/* End PBXFrameworksBuildPhase section */

/* Begin PBXGroup section */
		034768DFFF38A50411DB9C8B /* Products */ = {
			isa = PBXGroup;
			children = (
				D2AAC0C705546C1D00DB518D /* vgui.dylib */,
			);
			name = Products;
			sourceTree = "<group>";
		};
		0867D691FE84028FC02AAC07 /* vgui_dll */ = {
			isa = PBXGroup;
			children = (
				32C88DFF0371C24200C91783 /* Sources */,
				0867D69AFE84028FC02AAC07 /* Frameworks */,
				034768DFFF38A50411DB9C8B /* Products */,
			);
			name = vgui_dll;
			sourceTree = "<group>";
		};
		0867D69AFE84028FC02AAC07 /* Frameworks */ = {
			isa = PBXGroup;
			children = (
				168937A51EDC354800D7D2A4 /* AppKit.framework */,
				168937A91EDC354D00D7D2A4 /* Carbon.framework */,
				168937AB1EDC355100D7D2A4 /* CoreData.framework */,
				168937AD1EDC355600D7D2A4 /* CoreFoundation.framework */,
				168937AF1EDC355B00D7D2A4 /* CoreServices.framework */,
				168937B11EDC356200D7D2A4 /* Foundation.framework */,
			);
			name = Frameworks;
			sourceTree = "<group>";
		};
		162839211EDB06C5003337B0 /* osx */ = {
			isa = PBXGroup;
			children = (
				162839A11EDB072B003337B0 /* App.cpp */,
				162839A21EDB072B003337B0 /* Cursor.cpp */,
				162839A31EDB072B003337B0 /* fileimage.cpp */,
				162839A41EDB072B003337B0 /* fileimage.h */,
				162839A51EDB072B003337B0 /* Font.cpp */,
				162839A61EDB072B003337B0 /* Surface.cpp */,
				162839A71EDB072B003337B0 /* vfontdata.cpp */,
				162839A81EDB072B003337B0 /* vfontdata.h */,
				162839A91EDB072B003337B0 /* vgui_osx.h */,
				162839AA1EDB072B003337B0 /* vgui.cpp */,
			);
			name = osx;
			sourceTree = "<group>";
		};
		32C88DFF0371C24200C91783 /* Sources */ = {
			isa = PBXGroup;
			children = (
				162839211EDB06C5003337B0 /* osx */,
				162839231EDB06E7003337B0 /* App.cpp */,
				162839241EDB06E7003337B0 /* Bitmap.cpp */,
				162839251EDB06E7003337B0 /* BitmapTGA.cpp */,
				162839261EDB06E7003337B0 /* Border.cpp */,
				162839271EDB06E7003337B0 /* BorderLayout.cpp */,
				162839281EDB06E7003337B0 /* BorderPair.cpp */,
				162839291EDB06E7003337B0 /* BuildGroup.cpp */,
				1628392A1EDB06E7003337B0 /* Button.cpp */,
				1628392B1EDB06E7003337B0 /* ButtonGroup.cpp */,
				1628392C1EDB06E7003337B0 /* CheckButton.cpp */,
				1628392D1EDB06E7003337B0 /* Color.cpp */,
				1628392E1EDB06E7003337B0 /* ConfigWizard.cpp */,
				1628392F1EDB06E7003337B0 /* Cursor.cpp */,
				162839301EDB06E7003337B0 /* DataInputStream.cpp */,
				162839311EDB06E7003337B0 /* Desktop.cpp */,
				162839321EDB06E7003337B0 /* DesktopIcon.cpp */,
				162839331EDB06E7003337B0 /* EditPanel.cpp */,
				162839341EDB06E7003337B0 /* EtchedBorder.cpp */,
				162839351EDB06E7003337B0 /* FileInputStream.cpp */,
				162839361EDB06E7003337B0 /* FlowLayout.cpp */,
				162839371EDB06E7003337B0 /* FocusNavGroup.cpp */,
				162839381EDB06E7003337B0 /* Font.cpp */,
				162839391EDB06E7003337B0 /* Frame.cpp */,
				1628393A1EDB06E7003337B0 /* GridLayout.cpp */,
				1628393B1EDB06E7003337B0 /* HeaderPanel.cpp */,
				1628393C1EDB06E7003337B0 /* Image.cpp */,
				1628393D1EDB06E7003337B0 /* ImagePanel.cpp */,
				1628393E1EDB06E7003337B0 /* IntLabel.cpp */,
				1628393F1EDB06E7003337B0 /* Label.cpp */,
				162839401EDB06E7003337B0 /* Layout.cpp */,
				162839411EDB06E7003337B0 /* LineBorder.cpp */,
				162839421EDB06E7003337B0 /* ListPanel.cpp */,
				162839431EDB06E7003337B0 /* LoweredBorder.cpp */,
				162839441EDB06E7003337B0 /* Menu.cpp */,
				162839451EDB06E7003337B0 /* MenuItem.cpp */,
				162839461EDB06E7003337B0 /* MenuSeparator.cpp */,
				162839471EDB06E7003337B0 /* MessageBox.cpp */,
				162839481EDB06E7003337B0 /* MiniApp.cpp */,
				162839491EDB06E7003337B0 /* Panel.cpp */,
				1628394A1EDB06E7003337B0 /* PopupMenu.cpp */,
				1628394B1EDB06E7003337B0 /* ProgressBar.cpp */,
				1628394C1EDB06E7003337B0 /* RadioButton.cpp */,
				1628394D1EDB06E7003337B0 /* RaisedBorder.cpp */,
				1628394E1EDB06E7003337B0 /* Scheme.cpp */,
				1628394F1EDB06E7003337B0 /* ScrollBar.cpp */,
				162839501EDB06E7003337B0 /* ScrollPanel.cpp */,
				162839511EDB06E7003337B0 /* Slider.cpp */,
				162839521EDB06E7003337B0 /* StackLayout.cpp */,
				162839531EDB06E7003337B0 /* String.cpp */,
				162839541EDB06E7003337B0 /* Surface.cpp */,
				162839551EDB06E7003337B0 /* SurfaceBase.cpp */,
				162839561EDB06E7003337B0 /* TablePanel.cpp */,
				162839571EDB06E7003337B0 /* TabPanel.cpp */,
				162839581EDB06E7003337B0 /* TaskBar.cpp */,
				162839591EDB06E7003337B0 /* TextEntry.cpp */,
				1628395A1EDB06E7003337B0 /* TextGrid.cpp */,
				1628395B1EDB06E7003337B0 /* TextImage.cpp */,
				1628395C1EDB06E7003337B0 /* TextPanel.cpp */,
				1628395D1EDB06E7003337B0 /* ToggleButton.cpp */,
				1628395E1EDB06E7003337B0 /* TreeFolder.cpp */,
				1628395F1EDB06E7003337B0 /* vgui.cpp */,
				162839601EDB06E7003337B0 /* WizardPanel.cpp */,
			);
			name = Sources;
			sourceTree = "<group>";
		};
/* End PBXGroup section */

/* Begin PBXHeadersBuildPhase section */
		D2AAC0C305546C1D00DB518D /* Headers */ = {
			isa = PBXHeadersBuildPhase;
			buildActionMask = 2147483647;
			files = (
				162839AE1EDB072B003337B0 /* fileimage.h in Headers */,
				162839B21EDB072B003337B0 /* vfontdata.h in Headers */,
				162839B31EDB072B003337B0 /* vgui_osx.h in Headers */,
			);
			runOnlyForDeploymentPostprocessing = 0;
		};
/* End PBXHeadersBuildPhase section */

/* Begin PBXNativeTarget section */
		D2AAC0C605546C1D00DB518D /* vgui_dll */ = {
			isa = PBXNativeTarget;
			buildConfigurationList = 1DEB917D08733D990010E9CD /* Build configuration list for PBXNativeTarget "vgui_dll" */;
			buildPhases = (
				D2AAC0C305546C1D00DB518D /* Headers */,
				D2AAC0C405546C1D00DB518D /* Sources */,
				D2AAC0C505546C1D00DB518D /* Frameworks */,
			);
			buildRules = (
			);
			dependencies = (
			);
			name = vgui_dll;
			productName = vgui_dll;
			productReference = D2AAC0C705546C1D00DB518D /* vgui.dylib */;
			productType = "com.apple.product-type.library.dynamic";
		};
/* End PBXNativeTarget section */

/* Begin PBXProject section */
		0867D690FE84028FC02AAC07 /* Project object */ = {
			isa = PBXProject;
			buildConfigurationList = 1DEB918108733D990010E9CD /* Build configuration list for PBXProject "vgui_dll" */;
			compatibilityVersion = "Xcode 2.4";
			developmentRegion = English;
			hasScannedForEncodings = 1;
			knownRegions = (
				English,
				Japanese,
				French,
				German,
			);
			mainGroup = 0867D691FE84028FC02AAC07 /* vgui_dll */;
			productRefGroup = 034768DFFF38A50411DB9C8B /* Products */;
			projectDirPath = "";
			projectRoot = "";
			targets = (
				D2AAC0C605546C1D00DB518D /* vgui_dll */,
			);
		};
/* End PBXProject section */

/* Begin PBXSourcesBuildPhase section */
		D2AAC0C405546C1D00DB518D /* Sources */ = {
			isa = PBXSourcesBuildPhase;
			buildActionMask = 2147483647;
			files = (
				162839611EDB06E7003337B0 /* App.cpp in Sources */,
				162839621EDB06E7003337B0 /* Bitmap.cpp in Sources */,
				162839631EDB06E7003337B0 /* BitmapTGA.cpp in Sources */,
				162839641EDB06E7003337B0 /* Border.cpp in Sources */,
				162839651EDB06E7003337B0 /* BorderLayout.cpp in Sources */,
				162839661EDB06E7003337B0 /* BorderPair.cpp in Sources */,
				162839671EDB06E7003337B0 /* BuildGroup.cpp in Sources */,
				162839681EDB06E7003337B0 /* Button.cpp in Sources */,
				162839691EDB06E7003337B0 /* ButtonGroup.cpp in Sources */,
				1628396A1EDB06E7003337B0 /* CheckButton.cpp in Sources */,
				1628396B1EDB06E7003337B0 /* Color.cpp in Sources */,
				1628396C1EDB06E7003337B0 /* ConfigWizard.cpp in Sources */,
				1628396D1EDB06E7003337B0 /* Cursor.cpp in Sources */,
				1628396E1EDB06E7003337B0 /* DataInputStream.cpp in Sources */,
				1628396F1EDB06E7003337B0 /* Desktop.cpp in Sources */,
				162839701EDB06E7003337B0 /* DesktopIcon.cpp in Sources */,
				162839711EDB06E7003337B0 /* EditPanel.cpp in Sources */,
				162839721EDB06E7003337B0 /* EtchedBorder.cpp in Sources */,
				162839731EDB06E7003337B0 /* FileInputStream.cpp in Sources */,
				162839741EDB06E7003337B0 /* FlowLayout.cpp in Sources */,
				162839751EDB06E7003337B0 /* FocusNavGroup.cpp in Sources */,
				162839761EDB06E7003337B0 /* Font.cpp in Sources */,
				162839771EDB06E7003337B0 /* Frame.cpp in Sources */,
				162839781EDB06E7003337B0 /* GridLayout.cpp in Sources */,
				162839791EDB06E7003337B0 /* HeaderPanel.cpp in Sources */,
				1628397A1EDB06E7003337B0 /* Image.cpp in Sources */,
				1628397B1EDB06E7003337B0 /* ImagePanel.cpp in Sources */,
				1628397C1EDB06E7003337B0 /* IntLabel.cpp in Sources */,
				1628397D1EDB06E7003337B0 /* Label.cpp in Sources */,
				1628397E1EDB06E7003337B0 /* Layout.cpp in Sources */,
				1628397F1EDB06E7003337B0 /* LineBorder.cpp in Sources */,
				162839801EDB06E7003337B0 /* ListPanel.cpp in Sources */,
				162839811EDB06E7003337B0 /* LoweredBorder.cpp in Sources */,
				162839821EDB06E7003337B0 /* Menu.cpp in Sources */,
				162839831EDB06E7003337B0 /* MenuItem.cpp in Sources */,
				162839841EDB06E7003337B0 /* MenuSeparator.cpp in Sources */,
				162839851EDB06E7003337B0 /* MessageBox.cpp in Sources */,
				162839861EDB06E7003337B0 /* MiniApp.cpp in Sources */,
				162839871EDB06E7003337B0 /* Panel.cpp in Sources */,
				162839881EDB06E7003337B0 /* PopupMenu.cpp in Sources */,
				162839891EDB06E7003337B0 /* ProgressBar.cpp in Sources */,
				1628398A1EDB06E7003337B0 /* RadioButton.cpp in Sources */,
				1628398B1EDB06E7003337B0 /* RaisedBorder.cpp in Sources */,
				1628398C1EDB06E7003337B0 /* Scheme.cpp in Sources */,
				1628398D1EDB06E7003337B0 /* ScrollBar.cpp in Sources */,
				1628398E1EDB06E7003337B0 /* ScrollPanel.cpp in Sources */,
				1628398F1EDB06E7003337B0 /* Slider.cpp in Sources */,
				162839901EDB06E7003337B0 /* StackLayout.cpp in Sources */,
				162839911EDB06E7003337B0 /* String.cpp in Sources */,
				162839921EDB06E7003337B0 /* Surface.cpp in Sources */,
				162839931EDB06E7003337B0 /* SurfaceBase.cpp in Sources */,
				162839941EDB06E7003337B0 /* TablePanel.cpp in Sources */,
				162839951EDB06E7003337B0 /* TabPanel.cpp in Sources */,
				162839961EDB06E7003337B0 /* TaskBar.cpp in Sources */,
				162839971EDB06E7003337B0 /* TextEntry.cpp in Sources */,
				162839981EDB06E7003337B0 /* TextGrid.cpp in Sources */,
				162839991EDB06E7003337B0 /* TextImage.cpp in Sources */,
				1628399A1EDB06E7003337B0 /* TextPanel.cpp in Sources */,
				1628399B1EDB06E7003337B0 /* ToggleButton.cpp in Sources */,
				1628399C1EDB06E7003337B0 /* TreeFolder.cpp in Sources */,
				1628399D1EDB06E7003337B0 /* vgui.cpp in Sources */,
				1628399E1EDB06E7003337B0 /* WizardPanel.cpp in Sources */,
				162839AB1EDB072B003337B0 /* App.cpp in Sources */,
				162839AC1EDB072B003337B0 /* Cursor.cpp in Sources */,
				162839AD1EDB072B003337B0 /* fileimage.cpp in Sources */,
				162839AF1EDB072B003337B0 /* Font.cpp in Sources */,
				162839B01EDB072B003337B0 /* Surface.cpp in Sources */,
				162839B11EDB072B003337B0 /* vfontdata.cpp in Sources */,
				162839B41EDB072B003337B0 /* vgui.cpp in Sources */,
			);
			runOnlyForDeploymentPostprocessing = 0;
		};
/* End PBXSourcesBuildPhase section */

/* Begin XCBuildConfiguration section */
		1DEB917E08733D990010E9CD /* Debug */ = {
			isa = XCBuildConfiguration;
			buildSettings = {
				ALWAYS_SEARCH_USER_PATHS = NO;
				COPY_PHASE_STRIP = NO;
				DYLIB_COMPATIBILITY_VERSION = 1;
				DYLIB_CURRENT_VERSION = 1;
				GCC_DYNAMIC_NO_PIC = NO;
				GCC_ENABLE_FIX_AND_CONTINUE = YES;
				GCC_MODEL_TUNING = G5;
				GCC_OPTIMIZATION_LEVEL = 0;
				PRODUCT_NAME = vgui;
			};
			name = Debug;
		};
		1DEB917F08733D990010E9CD /* Release */ = {
			isa = XCBuildConfiguration;
			buildSettings = {
				ALWAYS_SEARCH_USER_PATHS = NO;
				DEBUG_INFORMATION_FORMAT = "dwarf-with-dsym";
				DYLIB_COMPATIBILITY_VERSION = 1;
				DYLIB_CURRENT_VERSION = 1;
				GCC_MODEL_TUNING = G5;
				PRODUCT_NAME = vgui;
			};
			name = Release;
		};
		1DEB918208733D990010E9CD /* Debug */ = {
			isa = XCBuildConfiguration;
			buildSettings = {
				GCC_C_LANGUAGE_STANDARD = gnu99;
				GCC_OPTIMIZATION_LEVEL = 0;
				GCC_PREPROCESSOR_DEFINITIONS = (
					_DEBUG,
					_OSX,
					OSX,
					"stricmp=strcasecmp",
					"_vsnprintf=vsnprintf",
				);
				GCC_WARN_ABOUT_RETURN_TYPE = YES;
				GCC_WARN_UNUSED_VARIABLE = YES;
				HEADER_SEARCH_PATHS = (
					../../../include,
					../../../../../public,
				);
				ONLY_ACTIVE_ARCH = YES;
				SDKROOT = "$(DEVELOPER_SDK_DIR)/MacOSX10.6.sdk";
			};
			name = Debug;
		};
		1DEB918308733D990010E9CD /* Release */ = {
			isa = XCBuildConfiguration;
			buildSettings = {
				GCC_C_LANGUAGE_STANDARD = gnu99;
				GCC_PREPROCESSOR_DEFINITIONS = (
					NDEBUG,
					_OSX,
					OSX,
					"stricmp=strcasecmp",
					"_vsnprintf=vsnprintf",
				);
				GCC_WARN_ABOUT_RETURN_TYPE = YES;
				GCC_WARN_UNUSED_VARIABLE = YES;
				HEADER_SEARCH_PATHS = (
					../../../include,
					../../../../../public,
				);
				SDKROOT = "$(DEVELOPER_SDK_DIR)/MacOSX10.6.sdk";
			};
			name = Release;
		};
/* End XCBuildConfiguration section */

/* Begin XCConfigurationList section */
		1DEB917D08733D990010E9CD /* Build configuration list for PBXNativeTarget "vgui_dll" */ = {
			isa = XCConfigurationList;
			buildConfigurations = (
				1DEB917E08733D990010E9CD /* Debug */,
				1DEB917F08733D990010E9CD /* Release */,
			);
			defaultConfigurationIsVisible = 0;
			defaultConfigurationName = Release;
		};
		1DEB918108733D990010E9CD /* Build configuration list for PBXProject "vgui_dll" */ = {
			isa = XCConfigurationList;
			buildConfigurations = (
				1DEB918208733D990010E9CD /* Debug */,
				1DEB918308733D990010E9CD /* Release */,
			);
			defaultConfigurationIsVisible = 0;
			defaultConfigurationName = Release;
		};
/* End XCConfigurationList section */
	};
	rootObject = 0867D690FE84028FC02AAC07 /* Project object */;
}
